<?xml version="1.0" encoding="utf-8"?>
<Project ToolsVersion="4.0" xmlns="http://schemas.microsoft.com/developer/msbuild/2003">
  <ItemGroup>
    <Filter Include="iTunesApi">
      <UniqueIdentifier>{a214818d-07d0-4b0c-9ed0-cdc0aa448c58}</UniqueIdentifier>
    </Filter>
  </ItemGroup>
  <ItemGroup>
    <ClInclude Include="iTunesApi\iTunesApi.h">
      <Filter>iTunesApi</Filter>
    </ClInclude>
    <ClInclude Include="iTunesApi\simpleApi.h">
      <Filter>iTunesApi</Filter>
    </ClInclude>
    <ClInclude Include="iTunesApi\unkonwStruct.h">
      <Filter>iTunesApi</Filter>
    </ClInclude>
  </ItemGroup>
  <ItemGroup>
    <ClCompile Include="iTunesApi\helper.cpp">
      <Filter>iTunesApi</Filter>
    </ClCompile>
    <ClCompile Include="iTunesApi\iTunesApi.cpp">
      <Filter>iTunesApi</Filter>
    </ClCompile>
    <ClCompile Include="iTunesApi\simpleApi.cpp">
      <Filter>iTunesApi</Filter>
    </ClCompile>
    <ClCompile Include="dllmain.cpp" />
  </ItemGroup>
</Project>